github.com/hkloudou/cv2 v0.41200.0 h1:FB4UXrfyZBkz8pTNA8Y0GoaDkAoXmvthZrc7RotsNhY=
github.com/hkloudou/cv2 v0.41200.0/go.mod h1:OwKMtLhGr/N5dhBeK8HNjT43RzPwoCK60wDXFAQTY5c=
github.com/hkloudou/cv2/libs/darwin_arm64 v0.41200.0 h1:vTd1WI2yeQxz+UJOkLGzC7ykaWuYZ2V3hTZsc0kr7ew=
github.com/hkloudou/cv2/libs/darwin_arm64 v0.41200.0/go.mod h1:iT6n2eJMJmhTHXHMOTqzN9oN4v2Aly5MxRHRLkH9CiI=
github.com/hkloudou/cv2/libs/linux_386 v0.41200.0 h1:89Nr8nTVdFCsausnFaMWiqpQN2sFKBWae+gY+3xqf78=
github.com/hkloudou/cv2/libs/linux_386 v0.41200.0/go.mod h1:3UKlKGgONOS1e/NMCM51J/Vthykebqq76bztNyuXVco=
github.com/hkloudou/cv2/libs/linux_amd64 v0.41200.0 h1:YCWBtA/bcuZgorXnjz1tyS72IZAP9Qh40V2rnG6VCMA=
github.com/hkloudou/cv2/libs/linux_amd64 v0.41200.0/go.mod h1:JqCg5F/udm7kPP+9VDfJ2gh1/5hxwQLg9VoTNMbc1EU=
github.com/hkloudou/cv2/libs/linux_arm64 v0.41200.0 h1:JOf67eVcu05X8YUazGQHETbYgDRdELdiFPPuFaq7ghM=
github.com/hkloudou/cv2/libs/linux_arm64 v0.41200.0/go.mod h1:YXDWfi25Mj0pFZ8+OA8n7T6RsqbruaPoDh7iTQSp7N0=
github.com/hkloudou/cv2/libs/windows_386 v0.41200.0 h1:qYqULzKu3cafzXRNu4lENRuPq5qDIz+3fMRfY3EgfYE=
github.com/hkloudou/cv2/libs/windows_386 v0.41200.0/go.mod h1:QYcaimnZ4AJIID+OusYyXPO6ql3JQu9J1spGA+y4cPY=
github.com/hkloudou/cv2/libs/windows_amd64 v0.41200.0 h1:G8Jg2soE9/oDXQlzoJUJK0Gs3/3qU6vFgZF4B2IgbDg=
github.com/hkloudou/cv2/libs/windows_amd64 v0.41200.0/go.mod h1:TtB7KTRGZycRX5lv4vtqLmjTwI9TQ7G8gLpRTqDGJlk=
